// !$*UTF8*$!
{
	archiveVersion = 1;
	classes = {
	};
	objectVersion = 56;
	objects = {

/* Begin PBXBuildFile section */
		854002662BCEBC3D00790D67 /* README.md in Resources */ = {isa = PBXBuildFile; fileRef = 854002652BCEBC3D00790D67 /* README.md */; };
		85756F792BCD389D00B2FCFE /* dna_task_livecoding_swiftApp.swift in Sources */ = {isa = PBXBuildFile; fileRef = 85756F782BCD389D00B2FCFE /* dna_task_livecoding_swiftApp.swift */; };
		85756F7E2BCD389D00B2FCFE /* dna_task_livecoding_swift.xcdatamodeld in Sources */ = {isa = PBXBuildFile; fileRef = 85756F7C2BCD389D00B2FCFE /* dna_task_livecoding_swift.xcdatamodeld */; };
		85756F822BCD389E00B2FCFE /* Assets.xcassets in Resources */ = {isa = PBXBuildFile; fileRef = 85756F812BCD389E00B2FCFE /* Assets.xcassets */; };
		85756F862BCD389E00B2FCFE /* Preview Assets.xcassets in Resources */ = {isa = PBXBuildFile; fileRef = 85756F852BCD389E00B2FCFE /* Preview Assets.xcassets */; };
		85756F902BCD389E00B2FCFE /* dna_task_livecoding_swiftTests.swift in Sources */ = {isa = PBXBuildFile; fileRef = 85756F8F2BCD389E00B2FCFE /* dna_task_livecoding_swiftTests.swift */; };
		85756F9A2BCD389E00B2FCFE /* dna_task_livecoding_swiftUITests.swift in Sources */ = {isa = PBXBuildFile; fileRef = 85756F992BCD389E00B2FCFE /* dna_task_livecoding_swiftUITests.swift */; };
		85756F9C2BCD389E00B2FCFE /* dna_task_livecoding_swiftUITestsLaunchTests.swift in Sources */ = {isa = PBXBuildFile; fileRef = 85756F9B2BCD389E00B2FCFE /* dna_task_livecoding_swiftUITestsLaunchTests.swift */; };
		85CC24822BCDB726001363F2 /* ProductsModel.swift in Sources */ = {isa = PBXBuildFile; fileRef = 85CC24812BCDB726001363F2 /* ProductsModel.swift */; };
		85CC24832BCDB726001363F2 /* ProductsModel.swift in Sources */ = {isa = PBXBuildFile; fileRef = 85CC24812BCDB726001363F2 /* ProductsModel.swift */; };
		85CC24872BCDB74F001363F2 /* PaymentApiClient.swift in Sources */ = {isa = PBXBuildFile; fileRef = 85CC24852BCDB74F001363F2 /* PaymentApiClient.swift */; };
		85CC24882BCDB74F001363F2 /* PaymentApiClient.swift in Sources */ = {isa = PBXBuildFile; fileRef = 85CC24852BCDB74F001363F2 /* PaymentApiClient.swift */; };
		85CC24892BCDB74F001363F2 /* PurchaseApiClient.swift in Sources */ = {isa = PBXBuildFile; fileRef = 85CC24862BCDB74F001363F2 /* PurchaseApiClient.swift */; };
		85CC248A2BCDB74F001363F2 /* PurchaseApiClient.swift in Sources */ = {isa = PBXBuildFile; fileRef = 85CC24862BCDB74F001363F2 /* PurchaseApiClient.swift */; };
		85CC248E2BCDB75D001363F2 /* PurchaseData.swift in Sources */ = {isa = PBXBuildFile; fileRef = 85CC248C2BCDB75D001363F2 /* PurchaseData.swift */; };
		85CC248F2BCDB75D001363F2 /* PurchaseData.swift in Sources */ = {isa = PBXBuildFile; fileRef = 85CC248C2BCDB75D001363F2 /* PurchaseData.swift */; };
		85CC24902BCDB75D001363F2 /* PaymentData.swift in Sources */ = {isa = PBXBuildFile; fileRef = 85CC248D2BCDB75D001363F2 /* PaymentData.swift */; };
		85CC24912BCDB75D001363F2 /* PaymentData.swift in Sources */ = {isa = PBXBuildFile; fileRef = 85CC248D2BCDB75D001363F2 /* PaymentData.swift */; };
		85CC24942BCDB77B001363F2 /* CardReaderService.swift in Sources */ = {isa = PBXBuildFile; fileRef = 85CC24932BCDB77B001363F2 /* CardReaderService.swift */; };
		85CC24952BCDB77B001363F2 /* CardReaderService.swift in Sources */ = {isa = PBXBuildFile; fileRef = 85CC24932BCDB77B001363F2 /* CardReaderService.swift */; };
		85CC24982BCDB9CA001363F2 /* RootView.swift in Sources */ = {isa = PBXBuildFile; fileRef = 85CC24972BCDB9CA001363F2 /* RootView.swift */; };
/* End PBXBuildFile section */

/* Begin PBXContainerItemProxy section */
		85756F8C2BCD389E00B2FCFE /* PBXContainerItemProxy */ = {
			isa = PBXContainerItemProxy;
			containerPortal = 85756F6D2BCD389D00B2FCFE /* Project object */;
			proxyType = 1;
			remoteGlobalIDString = 85756F742BCD389D00B2FCFE;
			remoteInfo = "dna-task-livecoding-swift";
		};
		85756F962BCD389E00B2FCFE /* PBXContainerItemProxy */ = {
			isa = PBXContainerItemProxy;
			containerPortal = 85756F6D2BCD389D00B2FCFE /* Project object */;
			proxyType = 1;
			remoteGlobalIDString = 85756F742BCD389D00B2FCFE;
			remoteInfo = "dna-task-livecoding-swift";
		};
/* End PBXContainerItemProxy section */

/* Begin PBXFileReference section */
		854002652BCEBC3D00790D67 /* README.md */ = {isa = PBXFileReference; fileEncoding = 4; lastKnownFileType = net.daringfireball.markdown; path = README.md; sourceTree = "<group>"; };
		85756F752BCD389D00B2FCFE /* dna-task-livecoding-swift.app */ = {isa = PBXFileReference; explicitFileType = wrapper.application; includeInIndex = 0; path = "dna-task-livecoding-swift.app"; sourceTree = BUILT_PRODUCTS_DIR; };
		85756F782BCD389D00B2FCFE /* dna_task_livecoding_swiftApp.swift */ = {isa = PBXFileReference; lastKnownFileType = sourcecode.swift; path = dna_task_livecoding_swiftApp.swift; sourceTree = "<group>"; };
		85756F7D2BCD389D00B2FCFE /* dna_task_livecoding_swift.xcdatamodel */ = {isa = PBXFileReference; lastKnownFileType = wrapper.xcdatamodel; path = dna_task_livecoding_swift.xcdatamodel; sourceTree = "<group>"; };
		85756F812BCD389E00B2FCFE /* Assets.xcassets */ = {isa = PBXFileReference; lastKnownFileType = folder.assetcatalog; path = Assets.xcassets; sourceTree = "<group>"; };
		85756F832BCD389E00B2FCFE /* dna_task_livecoding_swift.entitlements */ = {isa = PBXFileReference; lastKnownFileType = text.plist.entitlements; path = dna_task_livecoding_swift.entitlements; sourceTree = "<group>"; };
		85756F852BCD389E00B2FCFE /* Preview Assets.xcassets */ = {isa = PBXFileReference; lastKnownFileType = folder.assetcatalog; path = "Preview Assets.xcassets"; sourceTree = "<group>"; };
		85756F8B2BCD389E00B2FCFE /* dna-task-livecoding-swiftTests.xctest */ = {isa = PBXFileReference; explicitFileType = wrapper.cfbundle; includeInIndex = 0; path = "dna-task-livecoding-swiftTests.xctest"; sourceTree = BUILT_PRODUCTS_DIR; };
		85756F8F2BCD389E00B2FCFE /* dna_task_livecoding_swiftTests.swift */ = {isa = PBXFileReference; lastKnownFileType = sourcecode.swift; path = dna_task_livecoding_swiftTests.swift; sourceTree = "<group>"; };
		85756F952BCD389E00B2FCFE /* dna-task-livecoding-swiftUITests.xctest */ = {isa = PBXFileReference; explicitFileType = wrapper.cfbundle; includeInIndex = 0; path = "dna-task-livecoding-swiftUITests.xctest"; sourceTree = BUILT_PRODUCTS_DIR; };
		85756F992BCD389E00B2FCFE /* dna_task_livecoding_swiftUITests.swift */ = {isa = PBXFileReference; lastKnownFileType = sourcecode.swift; path = dna_task_livecoding_swiftUITests.swift; sourceTree = "<group>"; };
		85756F9B2BCD389E00B2FCFE /* dna_task_livecoding_swiftUITestsLaunchTests.swift */ = {isa = PBXFileReference; lastKnownFileType = sourcecode.swift; path = dna_task_livecoding_swiftUITestsLaunchTests.swift; sourceTree = "<group>"; };
		85CC24812BCDB726001363F2 /* ProductsModel.swift */ = {isa = PBXFileReference; fileEncoding = 4; lastKnownFileType = sourcecode.swift; path = ProductsModel.swift; sourceTree = "<group>"; };
		85CC24852BCDB74F001363F2 /* PaymentApiClient.swift */ = {isa = PBXFileReference; fileEncoding = 4; lastKnownFileType = sourcecode.swift; path = PaymentApiClient.swift; sourceTree = "<group>"; };
		85CC24862BCDB74F001363F2 /* PurchaseApiClient.swift */ = {isa = PBXFileReference; fileEncoding = 4; lastKnownFileType = sourcecode.swift; path = PurchaseApiClient.swift; sourceTree = "<group>"; };
		85CC248C2BCDB75D001363F2 /* PurchaseData.swift */ = {isa = PBXFileReference; fileEncoding = 4; lastKnownFileType = sourcecode.swift; path = PurchaseData.swift; sourceTree = "<group>"; };
		85CC248D2BCDB75D001363F2 /* PaymentData.swift */ = {isa = PBXFileReference; fileEncoding = 4; lastKnownFileType = sourcecode.swift; path = PaymentData.swift; sourceTree = "<group>"; };
		85CC24932BCDB77B001363F2 /* CardReaderService.swift */ = {isa = PBXFileReference; fileEncoding = 4; lastKnownFileType = sourcecode.swift; path = CardReaderService.swift; sourceTree = "<group>"; };
		85CC24972BCDB9CA001363F2 /* RootView.swift */ = {isa = PBXFileReference; lastKnownFileType = sourcecode.swift; path = RootView.swift; sourceTree = "<group>"; };
/* End PBXFileReference section */

/* Begin PBXFrameworksBuildPhase section */
		85756F722BCD389D00B2FCFE /* Frameworks */ = {
			isa = PBXFrameworksBuildPhase;
			buildActionMask = 2147483647;
			files = (
			);
			runOnlyForDeploymentPostprocessing = 0;
		};
		85756F882BCD389E00B2FCFE /* Frameworks */ = {
			isa = PBXFrameworksBuildPhase;
			buildActionMask = 2147483647;
			files = (
			);
			runOnlyForDeploymentPostprocessing = 0;
		};
		85756F922BCD389E00B2FCFE /* Frameworks */ = {
			isa = PBXFrameworksBuildPhase;
			buildActionMask = 2147483647;
			files = (
			);
			runOnlyForDeploymentPostprocessing = 0;
		};
/* End PBXFrameworksBuildPhase section */

/* Begin PBXGroup section */
		85756F6C2BCD389D00B2FCFE = {
			isa = PBXGroup;
			children = (
				854002652BCEBC3D00790D67 /* README.md */,
				85756F772BCD389D00B2FCFE /* dna-task-livecoding-swift */,
				85756F8E2BCD389E00B2FCFE /* dna-task-livecoding-swiftTests */,
				85756F982BCD389E00B2FCFE /* dna-task-livecoding-swiftUITests */,
				85756F762BCD389D00B2FCFE /* Products */,
			);
			sourceTree = "<group>";
		};
		85756F762BCD389D00B2FCFE /* Products */ = {
			isa = PBXGroup;
			children = (
				85756F752BCD389D00B2FCFE /* dna-task-livecoding-swift.app */,
				85756F8B2BCD389E00B2FCFE /* dna-task-livecoding-swiftTests.xctest */,
				85756F952BCD389E00B2FCFE /* dna-task-livecoding-swiftUITests.xctest */,
			);
			name = Products;
			sourceTree = "<group>";
		};
		85756F772BCD389D00B2FCFE /* dna-task-livecoding-swift */ = {
			isa = PBXGroup;
			children = (
				85CC24962BCDB9BD001363F2 /* views */,
				85CC24922BCDB768001363F2 /* card */,
				85CC24842BCDB742001363F2 /* api */,
				85CC24802BCDB6FC001363F2 /* viewmodel */,
				85756F782BCD389D00B2FCFE /* dna_task_livecoding_swiftApp.swift */,
				85756F812BCD389E00B2FCFE /* Assets.xcassets */,
				85756F832BCD389E00B2FCFE /* dna_task_livecoding_swift.entitlements */,
				85756F7C2BCD389D00B2FCFE /* dna_task_livecoding_swift.xcdatamodeld */,
				85756F842BCD389E00B2FCFE /* Preview Content */,
			);
			path = "dna-task-livecoding-swift";
			sourceTree = "<group>";
		};
		85756F842BCD389E00B2FCFE /* Preview Content */ = {
			isa = PBXGroup;
			children = (
				85756F852BCD389E00B2FCFE /* Preview Assets.xcassets */,
			);
			path = "Preview Content";
			sourceTree = "<group>";
		};
		85756F8E2BCD389E00B2FCFE /* dna-task-livecoding-swiftTests */ = {
			isa = PBXGroup;
			children = (
				85756F8F2BCD389E00B2FCFE /* dna_task_livecoding_swiftTests.swift */,
			);
			path = "dna-task-livecoding-swiftTests";
			sourceTree = "<group>";
		};
		85756F982BCD389E00B2FCFE /* dna-task-livecoding-swiftUITests */ = {
			isa = PBXGroup;
			children = (
				85756F992BCD389E00B2FCFE /* dna_task_livecoding_swiftUITests.swift */,
				85756F9B2BCD389E00B2FCFE /* dna_task_livecoding_swiftUITestsLaunchTests.swift */,
			);
			path = "dna-task-livecoding-swiftUITests";
			sourceTree = "<group>";
		};
		85CC24802BCDB6FC001363F2 /* viewmodel */ = {
			isa = PBXGroup;
			children = (
				85CC24812BCDB726001363F2 /* ProductsModel.swift */,
			);
			path = viewmodel;
			sourceTree = "<group>";
		};
		85CC24842BCDB742001363F2 /* api */ = {
			isa = PBXGroup;
			children = (
				85CC248B2BCDB754001363F2 /* data */,
				85CC24852BCDB74F001363F2 /* PaymentApiClient.swift */,
				85CC24862BCDB74F001363F2 /* PurchaseApiClient.swift */,
			);
			path = api;
			sourceTree = "<group>";
		};
		85CC248B2BCDB754001363F2 /* data */ = {
			isa = PBXGroup;
			children = (
				85CC248D2BCDB75D001363F2 /* PaymentData.swift */,
				85CC248C2BCDB75D001363F2 /* PurchaseData.swift */,
			);
			path = data;
			sourceTree = "<group>";
		};
		85CC24922BCDB768001363F2 /* card */ = {
			isa = PBXGroup;
			children = (
				85CC24932BCDB77B001363F2 /* CardReaderService.swift */,
			);
			path = card;
			sourceTree = "<group>";
		};
		85CC24962BCDB9BD001363F2 /* views */ = {
			isa = PBXGroup;
			children = (
				85CC24972BCDB9CA001363F2 /* RootView.swift */,
			);
			path = views;
			sourceTree = "<group>";
		};
/* End PBXGroup section */

/* Begin PBXNativeTarget section */
		85756F742BCD389D00B2FCFE /* dna-task-livecoding-swift */ = {
			isa = PBXNativeTarget;
			buildConfigurationList = 85756F9F2BCD389E00B2FCFE /* Build configuration list for PBXNativeTarget "dna-task-livecoding-swift" */;
			buildPhases = (
				85756F712BCD389D00B2FCFE /* Sources */,
				85756F722BCD389D00B2FCFE /* Frameworks */,
				85756F732BCD389D00B2FCFE /* Resources */,
			);
			buildRules = (
			);
			dependencies = (
			);
			name = "dna-task-livecoding-swift";
			productName = "dna-task-livecoding-swift";
			productReference = 85756F752BCD389D00B2FCFE /* dna-task-livecoding-swift.app */;
			productType = "com.apple.product-type.application";
		};
		85756F8A2BCD389E00B2FCFE /* dna-task-livecoding-swiftTests */ = {
			isa = PBXNativeTarget;
			buildConfigurationList = 85756FA22BCD389E00B2FCFE /* Build configuration list for PBXNativeTarget "dna-task-livecoding-swiftTests" */;
			buildPhases = (
				85756F872BCD389E00B2FCFE /* Sources */,
				85756F882BCD389E00B2FCFE /* Frameworks */,
				85756F892BCD389E00B2FCFE /* Resources */,
			);
			buildRules = (
			);
			dependencies = (
				85756F8D2BCD389E00B2FCFE /* PBXTargetDependency */,
			);
			name = "dna-task-livecoding-swiftTests";
			productName = "dna-task-livecoding-swiftTests";
			productReference = 85756F8B2BCD389E00B2FCFE /* dna-task-livecoding-swiftTests.xctest */;
			productType = "com.apple.product-type.bundle.unit-test";
		};
		85756F942BCD389E00B2FCFE /* dna-task-livecoding-swiftUITests */ = {
			isa = PBXNativeTarget;
			buildConfigurationList = 85756FA52BCD389E00B2FCFE /* Build configuration list for PBXNativeTarget "dna-task-livecoding-swiftUITests" */;
			buildPhases = (
				85756F912BCD389E00B2FCFE /* Sources */,
				85756F922BCD389E00B2FCFE /* Frameworks */,
				85756F932BCD389E00B2FCFE /* Resources */,
			);
			buildRules = (
			);
			dependencies = (
				85756F972BCD389E00B2FCFE /* PBXTargetDependency */,
			);
			name = "dna-task-livecoding-swiftUITests";
			productName = "dna-task-livecoding-swiftUITests";
			productReference = 85756F952BCD389E00B2FCFE /* dna-task-livecoding-swiftUITests.xctest */;
			productType = "com.apple.product-type.bundle.ui-testing";
		};
/* End PBXNativeTarget section */

/* Begin PBXProject section */
		85756F6D2BCD389D00B2FCFE /* Project object */ = {
			isa = PBXProject;
			attributes = {
				BuildIndependentTargetsInParallel = 1;
				LastSwiftUpdateCheck = 1520;
				LastUpgradeCheck = 1520;
				TargetAttributes = {
					85756F742BCD389D00B2FCFE = {
						CreatedOnToolsVersion = 15.2;
					};
					85756F8A2BCD389E00B2FCFE = {
						CreatedOnToolsVersion = 15.2;
						TestTargetID = 85756F742BCD389D00B2FCFE;
					};
					85756F942BCD389E00B2FCFE = {
						CreatedOnToolsVersion = 15.2;
						TestTargetID = 85756F742BCD389D00B2FCFE;
					};
				};
			};
			buildConfigurationList = 85756F702BCD389D00B2FCFE /* Build configuration list for PBXProject "dna-task-livecoding-swift" */;
			compatibilityVersion = "Xcode 14.0";
			developmentRegion = en;
			hasScannedForEncodings = 0;
			knownRegions = (
				en,
				Base,
			);
			mainGroup = 85756F6C2BCD389D00B2FCFE;
			productRefGroup = 85756F762BCD389D00B2FCFE /* Products */;
			projectDirPath = "";
			projectRoot = "";
			targets = (
				85756F742BCD389D00B2FCFE /* dna-task-livecoding-swift */,
				85756F8A2BCD389E00B2FCFE /* dna-task-livecoding-swiftTests */,
				85756F942BCD389E00B2FCFE /* dna-task-livecoding-swiftUITests */,
			);
		};
/* End PBXProject section */

/* Begin PBXResourcesBuildPhase section */
		85756F732BCD389D00B2FCFE /* Resources */ = {
			isa = PBXResourcesBuildPhase;
			buildActionMask = 2147483647;
			files = (
				854002662BCEBC3D00790D67 /* README.md in Resources */,
				85756F862BCD389E00B2FCFE /* Preview Assets.xcassets in Resources */,
				85756F822BCD389E00B2FCFE /* Assets.xcassets in Resources */,
			);
			runOnlyForDeploymentPostprocessing = 0;
		};
		85756F892BCD389E00B2FCFE /* Resources */ = {
			isa = PBXResourcesBuildPhase;
			buildActionMask = 2147483647;
			files = (
			);
			runOnlyForDeploymentPostprocessing = 0;
		};
		85756F932BCD389E00B2FCFE /* Resources */ = {
			isa = PBXResourcesBuildPhase;
			buildActionMask = 2147483647;
			files = (
			);
			runOnlyForDeploymentPostprocessing = 0;
		};
/* End PBXResourcesBuildPhase section */

/* Begin PBXSourcesBuildPhase section */
		85756F712BCD389D00B2FCFE /* Sources */ = {
			isa = PBXSourcesBuildPhase;
			buildActionMask = 2147483647;
			files = (
				85756F792BCD389D00B2FCFE /* dna_task_livecoding_swiftApp.swift in Sources */,
				85CC24822BCDB726001363F2 /* ProductsModel.swift in Sources */,
				85CC24902BCDB75D001363F2 /* PaymentData.swift in Sources */,
				85CC248E2BCDB75D001363F2 /* PurchaseData.swift in Sources */,
				85CC24942BCDB77B001363F2 /* CardReaderService.swift in Sources */,
				85756F7E2BCD389D00B2FCFE /* dna_task_livecoding_swift.xcdatamodeld in Sources */,
				85CC24872BCDB74F001363F2 /* PaymentApiClient.swift in Sources */,
				85CC24892BCDB74F001363F2 /* PurchaseApiClient.swift in Sources */,
				85CC24982BCDB9CA001363F2 /* RootView.swift in Sources */,
			);
			runOnlyForDeploymentPostprocessing = 0;
		};
		85756F872BCD389E00B2FCFE /* Sources */ = {
			isa = PBXSourcesBuildPhase;
			buildActionMask = 2147483647;
			files = (
				85CC248F2BCDB75D001363F2 /* PurchaseData.swift in Sources */,
				85CC24952BCDB77B001363F2 /* CardReaderService.swift in Sources */,
				85756F902BCD389E00B2FCFE /* dna_task_livecoding_swiftTests.swift in Sources */,
				85CC24912BCDB75D001363F2 /* PaymentData.swift in Sources */,
				85CC24882BCDB74F001363F2 /* PaymentApiClient.swift in Sources */,
				85CC248A2BCDB74F001363F2 /* PurchaseApiClient.swift in Sources */,
				85CC24832BCDB726001363F2 /* ProductsModel.swift in Sources */,
			);
			runOnlyForDeploymentPostprocessing = 0;
		};
		85756F912BCD389E00B2FCFE /* Sources */ = {
			isa = PBXSourcesBuildPhase;
			buildActionMask = 2147483647;
			files = (
				85756F9A2BCD389E00B2FCFE /* dna_task_livecoding_swiftUITests.swift in Sources */,
				85756F9C2BCD389E00B2FCFE /* dna_task_livecoding_swiftUITestsLaunchTests.swift in Sources */,
			);
			runOnlyForDeploymentPostprocessing = 0;
		};
/* End PBXSourcesBuildPhase section */

/* Begin PBXTargetDependency section */
		85756F8D2BCD389E00B2FCFE /* PBXTargetDependency */ = {
			isa = PBXTargetDependency;
			target = 85756F742BCD389D00B2FCFE /* dna-task-livecoding-swift */;
			targetProxy = 85756F8C2BCD389E00B2FCFE /* PBXContainerItemProxy */;
		};
		85756F972BCD389E00B2FCFE /* PBXTargetDependency */ = {
			isa = PBXTargetDependency;
			target = 85756F742BCD389D00B2FCFE /* dna-task-livecoding-swift */;
			targetProxy = 85756F962BCD389E00B2FCFE /* PBXContainerItemProxy */;
		};
/* End PBXTargetDependency section */

/* Begin XCBuildConfiguration section */
		85756F9D2BCD389E00B2FCFE /* Debug */ = {
			isa = XCBuildConfiguration;
			buildSettings = {
				ALWAYS_SEARCH_USER_PATHS = NO;
				ASSETCATALOG_COMPILER_GENERATE_SWIFT_ASSET_SYMBOL_EXTENSIONS = YES;
				CLANG_ANALYZER_NONNULL = YES;
				CLANG_ANALYZER_NUMBER_OBJECT_CONVERSION = YES_AGGRESSIVE;
				CLANG_CXX_LANGUAGE_STANDARD = "gnu++20";
				CLANG_ENABLE_MODULES = YES;
				CLANG_ENABLE_OBJC_ARC = YES;
				CLANG_ENABLE_OBJC_WEAK = YES;
				CLANG_WARN_BLOCK_CAPTURE_AUTORELEASING = YES;
				CLANG_WARN_BOOL_CONVERSION = YES;
				CLANG_WARN_COMMA = YES;
				CLANG_WARN_CONSTANT_CONVERSION = YES;
				CLANG_WARN_DEPRECATED_OBJC_IMPLEMENTATIONS = YES;
				CLANG_WARN_DIRECT_OBJC_ISA_USAGE = YES_ERROR;
				CLANG_WARN_DOCUMENTATION_COMMENTS = YES;
				CLANG_WARN_EMPTY_BODY = YES;
				CLANG_WARN_ENUM_CONVERSION = YES;
				CLANG_WARN_INFINITE_RECURSION = YES;
				CLANG_WARN_INT_CONVERSION = YES;
				CLANG_WARN_NON_LITERAL_NULL_CONVERSION = YES;
				CLANG_WARN_OBJC_IMPLICIT_RETAIN_SELF = YES;
				CLANG_WARN_OBJC_LITERAL_CONVERSION = YES;
				CLANG_WARN_OBJC_ROOT_CLASS = YES_ERROR;
				CLANG_WARN_QUOTED_INCLUDE_IN_FRAMEWORK_HEADER = YES;
				CLANG_WARN_RANGE_LOOP_ANALYSIS = YES;
				CLANG_WARN_STRICT_PROTOTYPES = YES;
				CLANG_WARN_SUSPICIOUS_MOVE = YES;
				CLANG_WARN_UNGUARDED_AVAILABILITY = YES_AGGRESSIVE;
				CLANG_WARN_UNREACHABLE_CODE = YES;
				CLANG_WARN__DUPLICATE_METHOD_MATCH = YES;
				COPY_PHASE_STRIP = NO;
				DEBUG_INFORMATION_FORMAT = dwarf;
				ENABLE_STRICT_OBJC_MSGSEND = YES;
				ENABLE_TESTABILITY = YES;
				ENABLE_USER_SCRIPT_SANDBOXING = YES;
				GCC_C_LANGUAGE_STANDARD = gnu17;
				GCC_DYNAMIC_NO_PIC = NO;
				GCC_NO_COMMON_BLOCKS = YES;
				GCC_OPTIMIZATION_LEVEL = 0;
				GCC_PREPROCESSOR_DEFINITIONS = (
					"DEBUG=1",
					"$(inherited)",
				);
				GCC_WARN_64_TO_32_BIT_CONVERSION = YES;
				GCC_WARN_ABOUT_RETURN_TYPE = YES_ERROR;
				GCC_WARN_UNDECLARED_SELECTOR = YES;
				GCC_WARN_UNINITIALIZED_AUTOS = YES_AGGRESSIVE;
				GCC_WARN_UNUSED_FUNCTION = YES;
				GCC_WARN_UNUSED_VARIABLE = YES;
				LOCALIZATION_PREFERS_STRING_CATALOGS = YES;
				MTL_ENABLE_DEBUG_INFO = INCLUDE_SOURCE;
				MTL_FAST_MATH = YES;
				ONLY_ACTIVE_ARCH = YES;
				SWIFT_ACTIVE_COMPILATION_CONDITIONS = "DEBUG $(inherited)";
				SWIFT_OPTIMIZATION_LEVEL = "-Onone";
			};
			name = Debug;
		};
		85756F9E2BCD389E00B2FCFE /* Release */ = {
			isa = XCBuildConfiguration;
			buildSettings = {
				ALWAYS_SEARCH_USER_PATHS = NO;
				ASSETCATALOG_COMPILER_GENERATE_SWIFT_ASSET_SYMBOL_EXTENSIONS = YES;
				CLANG_ANALYZER_NONNULL = YES;
				CLANG_ANALYZER_NUMBER_OBJECT_CONVERSION = YES_AGGRESSIVE;
				CLANG_CXX_LANGUAGE_STANDARD = "gnu++20";
				CLANG_ENABLE_MODULES = YES;
				CLANG_ENABLE_OBJC_ARC = YES;
				CLANG_ENABLE_OBJC_WEAK = YES;
				CLANG_WARN_BLOCK_CAPTURE_AUTORELEASING = YES;
				CLANG_WARN_BOOL_CONVERSION = YES;
				CLANG_WARN_COMMA = YES;
				CLANG_WARN_CONSTANT_CONVERSION = YES;
				CLANG_WARN_DEPRECATED_OBJC_IMPLEMENTATIONS = YES;
				CLANG_WARN_DIRECT_OBJC_ISA_USAGE = YES_ERROR;
				CLANG_WARN_DOCUMENTATION_COMMENTS = YES;
				CLANG_WARN_EMPTY_BODY = YES;
				CLANG_WARN_ENUM_CONVERSION = YES;
				CLANG_WARN_INFINITE_RECURSION = YES;
				CLANG_WARN_INT_CONVERSION = YES;
				CLANG_WARN_NON_LITERAL_NULL_CONVERSION = YES;
				CLANG_WARN_OBJC_IMPLICIT_RETAIN_SELF = YES;
				CLANG_WARN_OBJC_LITERAL_CONVERSION = YES;
				CLANG_WARN_OBJC_ROOT_CLASS = YES_ERROR;
				CLANG_WARN_QUOTED_INCLUDE_IN_FRAMEWORK_HEADER = YES;
				CLANG_WARN_RANGE_LOOP_ANALYSIS = YES;
				CLANG_WARN_STRICT_PROTOTYPES = YES;
				CLANG_WARN_SUSPICIOUS_MOVE = YES;
				CLANG_WARN_UNGUARDED_AVAILABILITY = YES_AGGRESSIVE;
				CLANG_WARN_UNREACHABLE_CODE = YES;
				CLANG_WARN__DUPLICATE_METHOD_MATCH = YES;
				COPY_PHASE_STRIP = NO;
				DEBUG_INFORMATION_FORMAT = "dwarf-with-dsym";
				ENABLE_NS_ASSERTIONS = NO;
				ENABLE_STRICT_OBJC_MSGSEND = YES;
				ENABLE_USER_SCRIPT_SANDBOXING = YES;
				GCC_C_LANGUAGE_STANDARD = gnu17;
				GCC_NO_COMMON_BLOCKS = YES;
				GCC_WARN_64_TO_32_BIT_CONVERSION = YES;
				GCC_WARN_ABOUT_RETURN_TYPE = YES_ERROR;
				GCC_WARN_UNDECLARED_SELECTOR = YES;
				GCC_WARN_UNINITIALIZED_AUTOS = YES_AGGRESSIVE;
				GCC_WARN_UNUSED_FUNCTION = YES;
				GCC_WARN_UNUSED_VARIABLE = YES;
				LOCALIZATION_PREFERS_STRING_CATALOGS = YES;
				MTL_ENABLE_DEBUG_INFO = NO;
				MTL_FAST_MATH = YES;
				SWIFT_COMPILATION_MODE = wholemodule;
			};
			name = Release;
		};
		85756FA02BCD389E00B2FCFE /* Debug */ = {
			isa = XCBuildConfiguration;
			buildSettings = {
				ASSETCATALOG_COMPILER_APPICON_NAME = AppIcon;
				ASSETCATALOG_COMPILER_GLOBAL_ACCENT_COLOR_NAME = AccentColor;
				CODE_SIGN_ENTITLEMENTS = "dna-task-livecoding-swift/dna_task_livecoding_swift.entitlements";
				CODE_SIGN_STYLE = Automatic;
				CURRENT_PROJECT_VERSION = 1;
				DEVELOPMENT_ASSET_PATHS = "\"dna-task-livecoding-swift/Preview Content\"";
				DEVELOPMENT_TEAM = 2BKD9R9BBZ;
				ENABLE_HARDENED_RUNTIME = YES;
				ENABLE_PREVIEWS = YES;
				GENERATE_INFOPLIST_FILE = YES;
				"INFOPLIST_KEY_UIApplicationSceneManifest_Generation[sdk=iphoneos*]" = YES;
				"INFOPLIST_KEY_UIApplicationSceneManifest_Generation[sdk=iphonesimulator*]" = YES;
				"INFOPLIST_KEY_UIApplicationSupportsIndirectInputEvents[sdk=iphoneos*]" = YES;
				"INFOPLIST_KEY_UIApplicationSupportsIndirectInputEvents[sdk=iphonesimulator*]" = YES;
				"INFOPLIST_KEY_UILaunchScreen_Generation[sdk=iphoneos*]" = YES;
				"INFOPLIST_KEY_UILaunchScreen_Generation[sdk=iphonesimulator*]" = YES;
				"INFOPLIST_KEY_UIStatusBarStyle[sdk=iphoneos*]" = UIStatusBarStyleDefault;
				"INFOPLIST_KEY_UIStatusBarStyle[sdk=iphonesimulator*]" = UIStatusBarStyleDefault;
				INFOPLIST_KEY_UISupportedInterfaceOrientations_iPad = "UIInterfaceOrientationPortrait UIInterfaceOrientationPortraitUpsideDown UIInterfaceOrientationLandscapeLeft UIInterfaceOrientationLandscapeRight";
				INFOPLIST_KEY_UISupportedInterfaceOrientations_iPhone = "UIInterfaceOrientationPortrait UIInterfaceOrientationLandscapeLeft UIInterfaceOrientationLandscapeRight";
				IPHONEOS_DEPLOYMENT_TARGET = 17.2;
				LD_RUNPATH_SEARCH_PATHS = "@executable_path/Frameworks";
				"LD_RUNPATH_SEARCH_PATHS[sdk=macosx*]" = "@executable_path/../Frameworks";
				MACOSX_DEPLOYMENT_TARGET = 14.1;
				MARKETING_VERSION = 1.0;
				PRODUCT_BUNDLE_IDENTIFIER = "digitalnewagency.dna-task-livecoding-swift";
				PRODUCT_NAME = "$(TARGET_NAME)";
				SDKROOT = auto;
				SUPPORTED_PLATFORMS = "iphoneos iphonesimulator macosx";
				SWIFT_EMIT_LOC_STRINGS = YES;
				SWIFT_VERSION = 5.0;
				TARGETED_DEVICE_FAMILY = "1,2";
			};
			name = Debug;
		};
		85756FA12BCD389E00B2FCFE /* Release */ = {
			isa = XCBuildConfiguration;
			buildSettings = {
				ASSETCATALOG_COMPILER_APPICON_NAME = AppIcon;
				ASSETCATALOG_COMPILER_GLOBAL_ACCENT_COLOR_NAME = AccentColor;
				CODE_SIGN_ENTITLEMENTS = "dna-task-livecoding-swift/dna_task_livecoding_swift.entitlements";
				CODE_SIGN_STYLE = Automatic;
				CURRENT_PROJECT_VERSION = 1;
				DEVELOPMENT_ASSET_PATHS = "\"dna-task-livecoding-swift/Preview Content\"";
				DEVELOPMENT_TEAM = 2BKD9R9BBZ;
				ENABLE_HARDENED_RUNTIME = YES;
				ENABLE_PREVIEWS = YES;
				GENERATE_INFOPLIST_FILE = YES;
				"INFOPLIST_KEY_UIApplicationSceneManifest_Generation[sdk=iphoneos*]" = YES;
				"INFOPLIST_KEY_UIApplicationSceneManifest_Generation[sdk=iphonesimulator*]" = YES;
				"INFOPLIST_KEY_UIApplicationSupportsIndirectInputEvents[sdk=iphoneos*]" = YES;
				"INFOPLIST_KEY_UIApplicationSupportsIndirectInputEvents[sdk=iphonesimulator*]" = YES;
				"INFOPLIST_KEY_UILaunchScreen_Generation[sdk=iphoneos*]" = YES;
				"INFOPLIST_KEY_UILaunchScreen_Generation[sdk=iphonesimulator*]" = YES;
				"INFOPLIST_KEY_UIStatusBarStyle[sdk=iphoneos*]" = UIStatusBarStyleDefault;
				"INFOPLIST_KEY_UIStatusBarStyle[sdk=iphonesimulator*]" = UIStatusBarStyleDefault;
				INFOPLIST_KEY_UISupportedInterfaceOrientations_iPad = "UIInterfaceOrientationPortrait UIInterfaceOrientationPortraitUpsideDown UIInterfaceOrientationLandscapeLeft UIInterfaceOrientationLandscapeRight";
				INFOPLIST_KEY_UISupportedInterfaceOrientations_iPhone = "UIInterfaceOrientationPortrait UIInterfaceOrientationLandscapeLeft UIInterfaceOrientationLandscapeRight";
				IPHONEOS_DEPLOYMENT_TARGET = 17.2;
				LD_RUNPATH_SEARCH_PATHS = "@executable_path/Frameworks";
				"LD_RUNPATH_SEARCH_PATHS[sdk=macosx*]" = "@executable_path/../Frameworks";
				MACOSX_DEPLOYMENT_TARGET = 14.1;
				MARKETING_VERSION = 1.0;
				PRODUCT_BUNDLE_IDENTIFIER = "digitalnewagency.dna-task-livecoding-swift";
				PRODUCT_NAME = "$(TARGET_NAME)";
				SDKROOT = auto;
				SUPPORTED_PLATFORMS = "iphoneos iphonesimulator macosx";
				SWIFT_EMIT_LOC_STRINGS = YES;
				SWIFT_VERSION = 5.0;
				TARGETED_DEVICE_FAMILY = "1,2";
			};
			name = Release;
		};
		85756FA32BCD389E00B2FCFE /* Debug */ = {
			isa = XCBuildConfiguration;
			buildSettings = {
				ALWAYS_EMBED_SWIFT_STANDARD_LIBRARIES = YES;
				BUNDLE_LOADER = "$(TEST_HOST)";
				CODE_SIGN_STYLE = Automatic;
				CURRENT_PROJECT_VERSION = 1;
				DEVELOPMENT_TEAM = 2BKD9R9BBZ;
				GENERATE_INFOPLIST_FILE = YES;
				IPHONEOS_DEPLOYMENT_TARGET = 17.2;
				MACOSX_DEPLOYMENT_TARGET = 14.1;
				MARKETING_VERSION = 1.0;
				PRODUCT_BUNDLE_IDENTIFIER = "digitalnewagency.dna-task-livecoding-swiftTests";
				PRODUCT_NAME = "$(TARGET_NAME)";
				SDKROOT = auto;
				SUPPORTED_PLATFORMS = "iphoneos iphonesimulator macosx";
				SWIFT_EMIT_LOC_STRINGS = NO;
				SWIFT_VERSION = 5.0;
				TARGETED_DEVICE_FAMILY = "1,2";
				TEST_HOST = "$(BUILT_PRODUCTS_DIR)/dna-task-livecoding-swift.app/$(BUNDLE_EXECUTABLE_FOLDER_PATH)/dna-task-livecoding-swift";
			};
			name = Debug;
		};
		85756FA42BCD389E00B2FCFE /* Release */ = {
			isa = XCBuildConfiguration;
			buildSettings = {
				ALWAYS_EMBED_SWIFT_STANDARD_LIBRARIES = YES;
				BUNDLE_LOADER = "$(TEST_HOST)";
				CODE_SIGN_STYLE = Automatic;
				CURRENT_PROJECT_VERSION = 1;
				DEVELOPMENT_TEAM = 2BKD9R9BBZ;
				GENERATE_INFOPLIST_FILE = YES;
				IPHONEOS_DEPLOYMENT_TARGET = 17.2;
				MACOSX_DEPLOYMENT_TARGET = 14.1;
				MARKETING_VERSION = 1.0;
				PRODUCT_BUNDLE_IDENTIFIER = "digitalnewagency.dna-task-livecoding-swiftTests";
				PRODUCT_NAME = "$(TARGET_NAME)";
				SDKROOT = auto;
				SUPPORTED_PLATFORMS = "iphoneos iphonesimulator macosx";
				SWIFT_EMIT_LOC_STRINGS = NO;
				SWIFT_VERSION = 5.0;
				TARGETED_DEVICE_FAMILY = "1,2";
				TEST_HOST = "$(BUILT_PRODUCTS_DIR)/dna-task-livecoding-swift.app/$(BUNDLE_EXECUTABLE_FOLDER_PATH)/dna-task-livecoding-swift";
			};
			name = Release;
		};
		85756FA62BCD389E00B2FCFE /* Debug */ = {
			isa = XCBuildConfiguration;
			buildSettings = {
				ALWAYS_EMBED_SWIFT_STANDARD_LIBRARIES = YES;
				CODE_SIGN_STYLE = Automatic;
				CURRENT_PROJECT_VERSION = 1;
				DEVELOPMENT_TEAM = 2BKD9R9BBZ;
				GENERATE_INFOPLIST_FILE = YES;
				IPHONEOS_DEPLOYMENT_TARGET = 17.2;
				MACOSX_DEPLOYMENT_TARGET = 14.1;
				MARKETING_VERSION = 1.0;
				PRODUCT_BUNDLE_IDENTIFIER = "digitalnewagency.dna-task-livecoding-swiftUITests";
				PRODUCT_NAME = "$(TARGET_NAME)";
				SDKROOT = auto;
				SUPPORTED_PLATFORMS = "iphoneos iphonesimulator macosx";
				SWIFT_EMIT_LOC_STRINGS = NO;
				SWIFT_VERSION = 5.0;
				TARGETED_DEVICE_FAMILY = "1,2";
				TEST_TARGET_NAME = "dna-task-livecoding-swift";
			};
			name = Debug;
		};
		85756FA72BCD389E00B2FCFE /* Release */ = {
			isa = XCBuildConfiguration;
			buildSettings = {
				ALWAYS_EMBED_SWIFT_STANDARD_LIBRARIES = YES;
				CODE_SIGN_STYLE = Automatic;
				CURRENT_PROJECT_VERSION = 1;
				DEVELOPMENT_TEAM = 2BKD9R9BBZ;
				GENERATE_INFOPLIST_FILE = YES;
				IPHONEOS_DEPLOYMENT_TARGET = 17.2;
				MACOSX_DEPLOYMENT_TARGET = 14.1;
				MARKETING_VERSION = 1.0;
				PRODUCT_BUNDLE_IDENTIFIER = "digitalnewagency.dna-task-livecoding-swiftUITests";
				PRODUCT_NAME = "$(TARGET_NAME)";
				SDKROOT = auto;
				SUPPORTED_PLATFORMS = "iphoneos iphonesimulator macosx";
				SWIFT_EMIT_LOC_STRINGS = NO;
				SWIFT_VERSION = 5.0;
				TARGETED_DEVICE_FAMILY = "1,2";
				TEST_TARGET_NAME = "dna-task-livecoding-swift";
			};
			name = Release;
		};
/* End XCBuildConfiguration section */

/* Begin XCConfigurationList section */
		85756F702BCD389D00B2FCFE /* Build configuration list for PBXProject "dna-task-livecoding-swift" */ = {
			isa = XCConfigurationList;
			buildConfigurations = (
				85756F9D2BCD389E00B2FCFE /* Debug */,
				85756F9E2BCD389E00B2FCFE /* Release */,
			);
			defaultConfigurationIsVisible = 0;
			defaultConfigurationName = Release;
		};
		85756F9F2BCD389E00B2FCFE /* Build configuration list for PBXNativeTarget "dna-task-livecoding-swift" */ = {
			isa = XCConfigurationList;
			buildConfigurations = (
				85756FA02BCD389E00B2FCFE /* Debug */,
				85756FA12BCD389E00B2FCFE /* Release */,
			);
			defaultConfigurationIsVisible = 0;
			defaultConfigurationName = Release;
		};
		85756FA22BCD389E00B2FCFE /* Build configuration list for PBXNativeTarget "dna-task-livecoding-swiftTests" */ = {
			isa = XCConfigurationList;
			buildConfigurations = (
				85756FA32BCD389E00B2FCFE /* Debug */,
				85756FA42BCD389E00B2FCFE /* Release */,
			);
			defaultConfigurationIsVisible = 0;
			defaultConfigurationName = Release;
		};
		85756FA52BCD389E00B2FCFE /* Build configuration list for PBXNativeTarget "dna-task-livecoding-swiftUITests" */ = {
			isa = XCConfigurationList;
			buildConfigurations = (
				85756FA62BCD389E00B2FCFE /* Debug */,
				85756FA72BCD389E00B2FCFE /* Release */,
			);
			defaultConfigurationIsVisible = 0;
			defaultConfigurationName = Release;
		};
/* End XCConfigurationList section */

/* Begin XCVersionGroup section */
		85756F7C2BCD389D00B2FCFE /* dna_task_livecoding_swift.xcdatamodeld */ = {
			isa = XCVersionGroup;
			children = (
				85756F7D2BCD389D00B2FCFE /* dna_task_livecoding_swift.xcdatamodel */,
			);
			currentVersion = 85756F7D2BCD389D00B2FCFE /* dna_task_livecoding_swift.xcdatamodel */;
			path = dna_task_livecoding_swift.xcdatamodeld;
			sourceTree = "<group>";
			versionGroupType = wrapper.xcdatamodel;
		};
/* End XCVersionGroup section */
	};
	rootObject = 85756F6D2BCD389D00B2FCFE /* Project object */;
}
